
Microsoft Visual Studio Solution File, Format Version 12.00
# Visual Studio Version 17
VisualStudioVersion = 17.11.35222.181
MinimumVisualStudioVersion = 10.0.40219.1
Project("{8BC9CEB8-8B4A-11D0-8D11-00A0C91BC942}") = "JumpSim", "JumpSim\JumpSim.vcxproj", "{C03DA2DC-EAFF-47C6-87E0-324D4AF46E31}"
EndProject
Global
	GlobalSection(SolutionConfigurationPlatforms) = preSolution
		Debug|x64 = Debug|x64
		Debug|x86 = Debug|x86
		Release|x64 = Release|x64
		Release|x86 = Release|x86
	EndGlobalSection
	GlobalSection(ProjectConfigurationPlatforms) = postSolution
		{C03DA2DC-EAFF-47C6-87E0-324D4AF46E31}.Debug|x64.ActiveCfg = Debug|x64
		{C03DA2DC-EAFF-47C6-87E0-324D4AF46E31}.Debug|x64.Build.0 = Debug|x64
		{C03DA2DC-EAFF-47C6-87E0-324D4AF46E31}.Debug|x86.ActiveCfg = Debug|Win32
		{C03DA2DC-EAFF-47C6-87E0-324D4AF46E31}.Debug|x86.Build.0 = Debug|Win32
		{C03DA2DC-EAFF-47C6-87E0-324D4AF46E31}.Release|x64.ActiveCfg = Release|x64
		{C03DA2DC-EAFF-47C6-87E0-324D4AF46E31}.Release|x64.Build.0 = Release|x64
		{C03DA2DC-EAFF-47C6-87E0-324D4AF46E31}.Release|x86.ActiveCfg = Release|Win32
		{C03DA2DC-EAFF-47C6-87E0-324D4AF46E31}.Release|x86.Build.0 = Release|Win32
	EndGlobalSection
	GlobalSection(SolutionProperties) = preSolution
		HideSolutionNode = FALSE
	EndGlobalSection
	GlobalSection(ExtensibilityGlobals) = postSolution
		SolutionGuid = {9FB0CF95-280D-41B6-93C6-B062634BB770}
	EndGlobalSection
EndGlobal
